<Solution>
  <Project Path="samples/ExGrid.DemoApi/ExGrid.DemoApi.csproj" />
  <Project Path="samples/ExGrid.DemoHost/ExGrid.DemoHost.csproj" />
  <Project Path="samples/ExGrid.DemoHost.Server/ExGrid.DemoHost.Server.csproj" />
  <Project Path="samples/ExGrid.DemoPages/ExGrid.DemoPages.csproj" />
  <Project Path="src/ExGrid/ExGrid.csproj" />
  <Project Path="src/ExGrid.MudBlazor/ExGrid.MudBlazor.csproj" />
  <Project Path="src/ExPivot/ExPivot.csproj" />
  <Project Path="src/ExPivot.Engine/ExPivot.Engine.csproj" />
  <Project Path="src/ExPivot.MudBlazor/ExPivot.MudBlazor.csproj" />
  <Project Path="src/ExSheet/ExSheet.csproj" />
  <Project Path="src/ExSheet.Engine/ExSheet.Engine.csproj" />
  <Project Path="tests/ExGrid.Components/ExGrid.Components.csproj" />
  <Project Path="tests/ExGrid.MudBlazor.Tests/ExGrid.MudBlazor.Tests.csproj" />
  <Project Path="tests/ExGrid.Tests/ExGrid.Tests.csproj" />
  <Project Path="tests/ExPivot.Components/ExPivot.Components.csproj" />
  <Project Path="tests/ExPivot.Engine.Tests/ExPivot.Engine.Tests.csproj" />
  <Project Path="tests/ExPivot.MudBlazor.Tests/ExPivot.MudBlazor.Tests.csproj" />
  <Project Path="tests/ExSheet.Components/ExSheet.Components.csproj" />
  <Project Path="tests/ExSheet.Engine.Tests/ExSheet.Engine.Tests.csproj" />
</Solution>
